
Microsoft Visual Studio Solution File, Format Version 12.00
# Visual Studio 15
VisualStudioVersion = 15.0.26430.6
MinimumVisualStudioVersion = 10.0.40219.1
Project("{9A19103F-16F7-4668-BE54-9A1E7A4F7556}") = "SchoolChallenge", "SchoolChallenge\SchoolChallenge.csproj", "{126C9A77-7546-44AC-85E9-17BC9B24BA6D}"
EndProject
Project("{FAE04EC0-301F-11D3-BF4B-00C04F79EFBC}") = "SchoolChallenge.Test", "SchoolChallenge.Test\SchoolChallenge.Test.csproj", "{88760D2B-81CD-4056-953A-3CCFDD273D62}"
EndProject
Global
	GlobalSection(SolutionConfigurationPlatforms) = preSolution
		Debug|Any CPU = Debug|Any CPU
		Release|Any CPU = Release|Any CPU
	EndGlobalSection
	GlobalSection(ProjectConfigurationPlatforms) = postSolution
		{126C9A77-7546-44AC-85E9-17BC9B24BA6D}.Debug|Any CPU.ActiveCfg = Debug|Any CPU
		{126C9A77-7546-44AC-85E9-17BC9B24BA6D}.Debug|Any CPU.Build.0 = Debug|Any CPU
		{126C9A77-7546-44AC-85E9-17BC9B24BA6D}.Release|Any CPU.ActiveCfg = Release|Any CPU
		{126C9A77-7546-44AC-85E9-17BC9B24BA6D}.Release|Any CPU.Build.0 = Release|Any CPU
		{88760D2B-81CD-4056-953A-3CCFDD273D62}.Debug|Any CPU.ActiveCfg = Debug|Any CPU
		{88760D2B-81CD-4056-953A-3CCFDD273D62}.Debug|Any CPU.Build.0 = Debug|Any CPU
		{88760D2B-81CD-4056-953A-3CCFDD273D62}.Release|Any CPU.ActiveCfg = Release|Any CPU
		{88760D2B-81CD-4056-953A-3CCFDD273D62}.Release|Any CPU.Build.0 = Release|Any CPU
	EndGlobalSection
	GlobalSection(SolutionProperties) = preSolution
		HideSolutionNode = FALSE
	EndGlobalSection
	GlobalSection(ExtensibilityGlobals) = postSolution
		SolutionGuid = {F8462457-7866-4267-885B-1855612B7CF1}
	EndGlobalSection
EndGlobal
